// !$*UTF8*$!
{
	archiveVersion = 1;
	classes = {
	};
	objectVersion = 51;
	objects = {

/* Begin PBXBuildFile section */
		5C52C88123048E2200C785E5 /* Presenter.swift in Sources */ = {isa = PBXBuildFile; fileRef = 5C52C88023048E2200C785E5 /* Presenter.swift */; };
		5C52C88323048F1900C785E5 /* MovieDBService.swift in Sources */ = {isa = PBXBuildFile; fileRef = 5C52C88223048F1900C785E5 /* MovieDBService.swift */; };
		5CD9700B23072FE600E18E09 /* HeaderView.xib in Resources */ = {isa = PBXBuildFile; fileRef = 5CD9700A23072FE600E18E09 /* HeaderView.xib */; };
		5CD9700F2307386F00E18E09 /* NowPlayingTableViewCell.swift in Sources */ = {isa = PBXBuildFile; fileRef = 5CD9700E2307386F00E18E09 /* NowPlayingTableViewCell.swift */; };
		5CD97011230741B000E18E09 /* HeaderView.swift in Sources */ = {isa = PBXBuildFile; fileRef = 5CD97010230741B000E18E09 /* HeaderView.swift */; };
		CFFDF65F2304867A00DE01D8 /* AppDelegate.swift in Sources */ = {isa = PBXBuildFile; fileRef = CFFDF65E2304867A00DE01D8 /* AppDelegate.swift */; };
		CFFDF6612304867A00DE01D8 /* ViewController.swift in Sources */ = {isa = PBXBuildFile; fileRef = CFFDF6602304867A00DE01D8 /* ViewController.swift */; };
		CFFDF6642304867A00DE01D8 /* Main.storyboard in Resources */ = {isa = PBXBuildFile; fileRef = CFFDF6622304867A00DE01D8 /* Main.storyboard */; };
		CFFDF6662304867C00DE01D8 /* Assets.xcassets in Resources */ = {isa = PBXBuildFile; fileRef = CFFDF6652304867C00DE01D8 /* Assets.xcassets */; };
		CFFDF6692304867C00DE01D8 /* LaunchScreen.storyboard in Resources */ = {isa = PBXBuildFile; fileRef = CFFDF6672304867C00DE01D8 /* LaunchScreen.storyboard */; };
		CFFDF671230492BC00DE01D8 /* Movies.swift in Sources */ = {isa = PBXBuildFile; fileRef = CFFDF670230492BC00DE01D8 /* Movies.swift */; };
		CFFDF67323049F1800DE01D8 /* MovieDetail.swift in Sources */ = {isa = PBXBuildFile; fileRef = CFFDF67223049F1800DE01D8 /* MovieDetail.swift */; };
		CFFDF675230585A800DE01D8 /* NowPlayingCollectionViewCell.swift in Sources */ = {isa = PBXBuildFile; fileRef = CFFDF674230585A800DE01D8 /* NowPlayingCollectionViewCell.swift */; };
		CFFDF677230589FC00DE01D8 /* MovieDetailsController.swift in Sources */ = {isa = PBXBuildFile; fileRef = CFFDF676230589FC00DE01D8 /* MovieDetailsController.swift */; };
		CFFDF68A23074BDE00DE01D8 /* PopularMoviesCell.swift in Sources */ = {isa = PBXBuildFile; fileRef = CFFDF68923074BDD00DE01D8 /* PopularMoviesCell.swift */; };
		CFFDF68C23074CBE00DE01D8 /* Image.swift in Sources */ = {isa = PBXBuildFile; fileRef = CFFDF68B23074CBE00DE01D8 /* Image.swift */; };
		F7E216FA8E9B4F7E278F9338 /* Pods_ArchitectureChallenge.framework in Frameworks */ = {isa = PBXBuildFile; fileRef = 3E3BD378A47D55A9CA462856 /* Pods_ArchitectureChallenge.framework */; };
/* End PBXBuildFile section */

/* Begin PBXFileReference section */
		3E3BD378A47D55A9CA462856 /* Pods_ArchitectureChallenge.framework */ = {isa = PBXFileReference; explicitFileType = wrapper.framework; includeInIndex = 0; path = Pods_ArchitectureChallenge.framework; sourceTree = BUILT_PRODUCTS_DIR; };
		5C52C88023048E2200C785E5 /* Presenter.swift */ = {isa = PBXFileReference; lastKnownFileType = sourcecode.swift; path = Presenter.swift; sourceTree = "<group>"; };
		5C52C88223048F1900C785E5 /* MovieDBService.swift */ = {isa = PBXFileReference; lastKnownFileType = sourcecode.swift; path = MovieDBService.swift; sourceTree = "<group>"; };
		5CD9700A23072FE600E18E09 /* HeaderView.xib */ = {isa = PBXFileReference; lastKnownFileType = file.xib; path = HeaderView.xib; sourceTree = "<group>"; };
		5CD9700E2307386F00E18E09 /* NowPlayingTableViewCell.swift */ = {isa = PBXFileReference; lastKnownFileType = sourcecode.swift; path = NowPlayingTableViewCell.swift; sourceTree = "<group>"; };
		5CD97010230741B000E18E09 /* HeaderView.swift */ = {isa = PBXFileReference; lastKnownFileType = sourcecode.swift; path = HeaderView.swift; sourceTree = "<group>"; };
		62E58A2122674FD0D5EE2F30 /* Pods-ArchitectureChallenge.release.xcconfig */ = {isa = PBXFileReference; includeInIndex = 1; lastKnownFileType = text.xcconfig; name = "Pods-ArchitectureChallenge.release.xcconfig"; path = "Target Support Files/Pods-ArchitectureChallenge/Pods-ArchitectureChallenge.release.xcconfig"; sourceTree = "<group>"; };
		CFFDF65B2304867A00DE01D8 /* ArchitectureChallenge.app */ = {isa = PBXFileReference; explicitFileType = wrapper.application; includeInIndex = 0; path = ArchitectureChallenge.app; sourceTree = BUILT_PRODUCTS_DIR; };
		CFFDF65E2304867A00DE01D8 /* AppDelegate.swift */ = {isa = PBXFileReference; lastKnownFileType = sourcecode.swift; path = AppDelegate.swift; sourceTree = "<group>"; };
		CFFDF6602304867A00DE01D8 /* ViewController.swift */ = {isa = PBXFileReference; lastKnownFileType = sourcecode.swift; path = ViewController.swift; sourceTree = "<group>"; };
		CFFDF6632304867A00DE01D8 /* Base */ = {isa = PBXFileReference; lastKnownFileType = file.storyboard; name = Base; path = Base.lproj/Main.storyboard; sourceTree = "<group>"; };
		CFFDF6652304867C00DE01D8 /* Assets.xcassets */ = {isa = PBXFileReference; lastKnownFileType = folder.assetcatalog; path = Assets.xcassets; sourceTree = "<group>"; };
		CFFDF6682304867C00DE01D8 /* Base */ = {isa = PBXFileReference; lastKnownFileType = file.storyboard; name = Base; path = Base.lproj/LaunchScreen.storyboard; sourceTree = "<group>"; };
		CFFDF66A2304867C00DE01D8 /* Info.plist */ = {isa = PBXFileReference; lastKnownFileType = text.plist.xml; path = Info.plist; sourceTree = "<group>"; };
		CFFDF670230492BC00DE01D8 /* Movies.swift */ = {isa = PBXFileReference; lastKnownFileType = sourcecode.swift; path = Movies.swift; sourceTree = "<group>"; };
		CFFDF67223049F1800DE01D8 /* MovieDetail.swift */ = {isa = PBXFileReference; lastKnownFileType = sourcecode.swift; path = MovieDetail.swift; sourceTree = "<group>"; };
		CFFDF674230585A800DE01D8 /* NowPlayingCollectionViewCell.swift */ = {isa = PBXFileReference; lastKnownFileType = sourcecode.swift; path = NowPlayingCollectionViewCell.swift; sourceTree = "<group>"; };
		CFFDF676230589FC00DE01D8 /* MovieDetailsController.swift */ = {isa = PBXFileReference; lastKnownFileType = sourcecode.swift; path = MovieDetailsController.swift; sourceTree = "<group>"; };
		CFFDF68923074BDD00DE01D8 /* PopularMoviesCell.swift */ = {isa = PBXFileReference; fileEncoding = 4; lastKnownFileType = sourcecode.swift; path = PopularMoviesCell.swift; sourceTree = "<group>"; };
		CFFDF68B23074CBE00DE01D8 /* Image.swift */ = {isa = PBXFileReference; fileEncoding = 4; lastKnownFileType = sourcecode.swift; path = Image.swift; sourceTree = "<group>"; };
		EBE7FFEB7FB88E46FB3A698E /* Pods-ArchitectureChallenge.debug.xcconfig */ = {isa = PBXFileReference; includeInIndex = 1; lastKnownFileType = text.xcconfig; name = "Pods-ArchitectureChallenge.debug.xcconfig"; path = "Target Support Files/Pods-ArchitectureChallenge/Pods-ArchitectureChallenge.debug.xcconfig"; sourceTree = "<group>"; };
/* End PBXFileReference section */

/* Begin PBXFrameworksBuildPhase section */
		CFFDF6582304867A00DE01D8 /* Frameworks */ = {
			isa = PBXFrameworksBuildPhase;
			buildActionMask = 2147483647;
			files = (
				F7E216FA8E9B4F7E278F9338 /* Pods_ArchitectureChallenge.framework in Frameworks */,
			);
			runOnlyForDeploymentPostprocessing = 0;
		};
/* End PBXFrameworksBuildPhase section */

/* Begin PBXGroup section */
		3262AFC1BA31845C5E45C4EC /* Pods */ = {
			isa = PBXGroup;
			children = (
				EBE7FFEB7FB88E46FB3A698E /* Pods-ArchitectureChallenge.debug.xcconfig */,
				62E58A2122674FD0D5EE2F30 /* Pods-ArchitectureChallenge.release.xcconfig */,
			);
			path = Pods;
			sourceTree = "<group>";
		};
		48B28E5337B9CFBD9B2A8B5A /* Frameworks */ = {
			isa = PBXGroup;
			children = (
				3E3BD378A47D55A9CA462856 /* Pods_ArchitectureChallenge.framework */,
			);
			name = Frameworks;
			sourceTree = "<group>";
		};
		5C2095A923048D7B00E3277E /* View */ = {
			isa = PBXGroup;
			children = (
				CFB6C177230850B90016B332 /* Cell */,
				CFFDF6602304867A00DE01D8 /* ViewController.swift */,
				CFFDF676230589FC00DE01D8 /* MovieDetailsController.swift */,
				5CD97010230741B000E18E09 /* HeaderView.swift */,
			);
			path = View;
			sourceTree = "<group>";
		};
		5C52C87C23048D9300C785E5 /* Presenter */ = {
			isa = PBXGroup;
			children = (
				5C52C88023048E2200C785E5 /* Presenter.swift */,
			);
			path = Presenter;
			sourceTree = "<group>";
		};
		5C52C87D23048D9C00C785E5 /* Model */ = {
			isa = PBXGroup;
			children = (
				CFFDF68B23074CBE00DE01D8 /* Image.swift */,
				5C52C88223048F1900C785E5 /* MovieDBService.swift */,
				CFFDF670230492BC00DE01D8 /* Movies.swift */,
				CFFDF67223049F1800DE01D8 /* MovieDetail.swift */,
			);
			path = Model;
			sourceTree = "<group>";
		};
		CFB6C177230850B90016B332 /* Cell */ = {
			isa = PBXGroup;
			children = (
				5CD9700E2307386F00E18E09 /* NowPlayingTableViewCell.swift */,
				CFFDF674230585A800DE01D8 /* NowPlayingCollectionViewCell.swift */,
				CFFDF68923074BDD00DE01D8 /* PopularMoviesCell.swift */,
			);
			path = Cell;
			sourceTree = "<group>";
		};
		CFFDF6522304867A00DE01D8 = {
			isa = PBXGroup;
			children = (
				CFFDF65D2304867A00DE01D8 /* ArchitectureChallenge */,
				CFFDF65C2304867A00DE01D8 /* Products */,
				3262AFC1BA31845C5E45C4EC /* Pods */,
				48B28E5337B9CFBD9B2A8B5A /* Frameworks */,
			);
			sourceTree = "<group>";
		};
		CFFDF65C2304867A00DE01D8 /* Products */ = {
			isa = PBXGroup;
			children = (
				CFFDF65B2304867A00DE01D8 /* ArchitectureChallenge.app */,
			);
			name = Products;
			sourceTree = "<group>";
		};
		CFFDF65D2304867A00DE01D8 /* ArchitectureChallenge */ = {
			isa = PBXGroup;
			children = (
				5C52C87D23048D9C00C785E5 /* Model */,
				5C52C87C23048D9300C785E5 /* Presenter */,
				5C2095A923048D7B00E3277E /* View */,
				CFFDF65E2304867A00DE01D8 /* AppDelegate.swift */,
				CFFDF6622304867A00DE01D8 /* Main.storyboard */,
				5CD9700A23072FE600E18E09 /* HeaderView.xib */,
				CFFDF6652304867C00DE01D8 /* Assets.xcassets */,
				CFFDF6672304867C00DE01D8 /* LaunchScreen.storyboard */,
				CFFDF66A2304867C00DE01D8 /* Info.plist */,
			);
			path = ArchitectureChallenge;
			sourceTree = "<group>";
		};
/* End PBXGroup section */

/* Begin PBXNativeTarget section */
		CFFDF65A2304867A00DE01D8 /* ArchitectureChallenge */ = {
			isa = PBXNativeTarget;
			buildConfigurationList = CFFDF66D2304867C00DE01D8 /* Build configuration list for PBXNativeTarget "ArchitectureChallenge" */;
			buildPhases = (
				EC98D0050788C05665113CDA /* [CP] Check Pods Manifest.lock */,
				CFFDF6572304867A00DE01D8 /* Sources */,
				CFFDF6582304867A00DE01D8 /* Frameworks */,
				CFFDF6592304867A00DE01D8 /* Resources */,
				52009C88A617B59993335148 /* [CP] Embed Pods Frameworks */,
			);
			buildRules = (
			);
			dependencies = (
			);
			name = ArchitectureChallenge;
			productName = ArchitectureChallenge;
			productReference = CFFDF65B2304867A00DE01D8 /* ArchitectureChallenge.app */;
			productType = "com.apple.product-type.application";
		};
/* End PBXNativeTarget section */

/* Begin PBXProject section */
		CFFDF6532304867A00DE01D8 /* Project object */ = {
			isa = PBXProject;
			attributes = {
				LastSwiftUpdateCheck = 1020;
				LastUpgradeCheck = 1020;
				ORGANIZATIONNAME = "Vitor Demenighi";
				TargetAttributes = {
					CFFDF65A2304867A00DE01D8 = {
						CreatedOnToolsVersion = 10.2.1;
					};
				};
			};
			buildConfigurationList = CFFDF6562304867A00DE01D8 /* Build configuration list for PBXProject "ArchitectureChallenge" */;
			compatibilityVersion = "Xcode 9.3";
			developmentRegion = en;
			hasScannedForEncodings = 0;
			knownRegions = (
				en,
				Base,
			);
			mainGroup = CFFDF6522304867A00DE01D8;
			productRefGroup = CFFDF65C2304867A00DE01D8 /* Products */;
			projectDirPath = "";
			projectRoot = "";
			targets = (
				CFFDF65A2304867A00DE01D8 /* ArchitectureChallenge */,
			);
		};
/* End PBXProject section */

/* Begin PBXResourcesBuildPhase section */
		CFFDF6592304867A00DE01D8 /* Resources */ = {
			isa = PBXResourcesBuildPhase;
			buildActionMask = 2147483647;
			files = (
				CFFDF6692304867C00DE01D8 /* LaunchScreen.storyboard in Resources */,
				CFFDF6662304867C00DE01D8 /* Assets.xcassets in Resources */,
				CFFDF6642304867A00DE01D8 /* Main.storyboard in Resources */,
				5CD9700B23072FE600E18E09 /* HeaderView.xib in Resources */,
			);
			runOnlyForDeploymentPostprocessing = 0;
		};
/* End PBXResourcesBuildPhase section */

/* Begin PBXShellScriptBuildPhase section */
		52009C88A617B59993335148 /* [CP] Embed Pods Frameworks */ = {
			isa = PBXShellScriptBuildPhase;
			buildActionMask = 2147483647;
			files = (
			);
			inputFileListPaths = (
				"${PODS_ROOT}/Target Support Files/Pods-ArchitectureChallenge/Pods-ArchitectureChallenge-frameworks-${CONFIGURATION}-input-files.xcfilelist",
			);
			name = "[CP] Embed Pods Frameworks";
			outputFileListPaths = (
				"${PODS_ROOT}/Target Support Files/Pods-ArchitectureChallenge/Pods-ArchitectureChallenge-frameworks-${CONFIGURATION}-output-files.xcfilelist",
			);
			runOnlyForDeploymentPostprocessing = 0;
			shellPath = /bin/sh;
			shellScript = "\"${PODS_ROOT}/Target Support Files/Pods-ArchitectureChallenge/Pods-ArchitectureChallenge-frameworks.sh\"\n";
			showEnvVarsInLog = 0;
		};
		EC98D0050788C05665113CDA /* [CP] Check Pods Manifest.lock */ = {
			isa = PBXShellScriptBuildPhase;
			buildActionMask = 2147483647;
			files = (
			);
			inputFileListPaths = (
			);
			inputPaths = (
				"${PODS_PODFILE_DIR_PATH}/Podfile.lock",
				"${PODS_ROOT}/Manifest.lock",
			);
			name = "[CP] Check Pods Manifest.lock";
			outputFileListPaths = (
			);
			outputPaths = (
				"$(DERIVED_FILE_DIR)/Pods-ArchitectureChallenge-checkManifestLockResult.txt",
			);
			runOnlyForDeploymentPostprocessing = 0;
			shellPath = /bin/sh;
			shellScript = "diff \"${PODS_PODFILE_DIR_PATH}/Podfile.lock\" \"${PODS_ROOT}/Manifest.lock\" > /dev/null\nif [ $? != 0 ] ; then\n    # print error to STDERR\n    echo \"error: The sandbox is not in sync with the Podfile.lock. Run 'pod install' or update your CocoaPods installation.\" >&2\n    exit 1\nfi\n# This output is used by Xcode 'outputs' to avoid re-running this script phase.\necho \"SUCCESS\" > \"${SCRIPT_OUTPUT_FILE_0}\"\n";
			showEnvVarsInLog = 0;
		};
/* End PBXShellScriptBuildPhase section */

/* Begin PBXSourcesBuildPhase section */
		CFFDF6572304867A00DE01D8 /* Sources */ = {
			isa = PBXSourcesBuildPhase;
			buildActionMask = 2147483647;
			files = (
				CFFDF6612304867A00DE01D8 /* ViewController.swift in Sources */,
				CFFDF677230589FC00DE01D8 /* MovieDetailsController.swift in Sources */,
				5C52C88123048E2200C785E5 /* Presenter.swift in Sources */,
				5C52C88323048F1900C785E5 /* MovieDBService.swift in Sources */,
				CFFDF67323049F1800DE01D8 /* MovieDetail.swift in Sources */,
				5CD9700F2307386F00E18E09 /* NowPlayingTableViewCell.swift in Sources */,
				CFFDF68C23074CBE00DE01D8 /* Image.swift in Sources */,
				5CD97011230741B000E18E09 /* HeaderView.swift in Sources */,
				CFFDF68A23074BDE00DE01D8 /* PopularMoviesCell.swift in Sources */,
				CFFDF65F2304867A00DE01D8 /* AppDelegate.swift in Sources */,
				CFFDF671230492BC00DE01D8 /* Movies.swift in Sources */,
				CFFDF675230585A800DE01D8 /* NowPlayingCollectionViewCell.swift in Sources */,
			);
			runOnlyForDeploymentPostprocessing = 0;
		};
/* End PBXSourcesBuildPhase section */

/* Begin PBXVariantGroup section */
		CFFDF6622304867A00DE01D8 /* Main.storyboard */ = {
			isa = PBXVariantGroup;
			children = (
				CFFDF6632304867A00DE01D8 /* Base */,
			);
			name = Main.storyboard;
			sourceTree = "<group>";
		};
		CFFDF6672304867C00DE01D8 /* LaunchScreen.storyboard */ = {
			isa = PBXVariantGroup;
			children = (
				CFFDF6682304867C00DE01D8 /* Base */,
			);
			name = LaunchScreen.storyboard;
			sourceTree = "<group>";
		};
/* End PBXVariantGroup section */

/* Begin XCBuildConfiguration section */
		CFFDF66B2304867C00DE01D8 /* Debug */ = {
			isa = XCBuildConfiguration;
			buildSettings = {
				ALWAYS_SEARCH_USER_PATHS = NO;
				CLANG_ANALYZER_NONNULL = YES;
				CLANG_ANALYZER_NUMBER_OBJECT_CONVERSION = YES_AGGRESSIVE;
				CLANG_CXX_LANGUAGE_STANDARD = "gnu++14";
				CLANG_CXX_LIBRARY = "libc++";
				CLANG_ENABLE_MODULES = YES;
				CLANG_ENABLE_OBJC_ARC = YES;
				CLANG_ENABLE_OBJC_WEAK = YES;
				CLANG_WARN_BLOCK_CAPTURE_AUTORELEASING = YES;
				CLANG_WARN_BOOL_CONVERSION = YES;
				CLANG_WARN_COMMA = YES;
				CLANG_WARN_CONSTANT_CONVERSION = YES;
				CLANG_WARN_DEPRECATED_OBJC_IMPLEMENTATIONS = YES;
				CLANG_WARN_DIRECT_OBJC_ISA_USAGE = YES_ERROR;
				CLANG_WARN_DOCUMENTATION_COMMENTS = YES;
				CLANG_WARN_EMPTY_BODY = YES;
				CLANG_WARN_ENUM_CONVERSION = YES;
				CLANG_WARN_INFINITE_RECURSION = YES;
				CLANG_WARN_INT_CONVERSION = YES;
				CLANG_WARN_NON_LITERAL_NULL_CONVERSION = YES;
				CLANG_WARN_OBJC_IMPLICIT_RETAIN_SELF = YES;
				CLANG_WARN_OBJC_LITERAL_CONVERSION = YES;
				CLANG_WARN_OBJC_ROOT_CLASS = YES_ERROR;
				CLANG_WARN_RANGE_LOOP_ANALYSIS = YES;
				CLANG_WARN_STRICT_PROTOTYPES = YES;
				CLANG_WARN_SUSPICIOUS_MOVE = YES;
				CLANG_WARN_UNGUARDED_AVAILABILITY = YES_AGGRESSIVE;
				CLANG_WARN_UNREACHABLE_CODE = YES;
				CLANG_WARN__DUPLICATE_METHOD_MATCH = YES;
				CODE_SIGN_IDENTITY = "iPhone Developer";
				COPY_PHASE_STRIP = NO;
				DEBUG_INFORMATION_FORMAT = dwarf;
				ENABLE_STRICT_OBJC_MSGSEND = YES;
				ENABLE_TESTABILITY = YES;
				GCC_C_LANGUAGE_STANDARD = gnu11;
				GCC_DYNAMIC_NO_PIC = NO;
				GCC_NO_COMMON_BLOCKS = YES;
				GCC_OPTIMIZATION_LEVEL = 0;
				GCC_PREPROCESSOR_DEFINITIONS = (
					"DEBUG=1",
					"$(inherited)",
				);
				GCC_WARN_64_TO_32_BIT_CONVERSION = YES;
				GCC_WARN_ABOUT_RETURN_TYPE = YES_ERROR;
				GCC_WARN_UNDECLARED_SELECTOR = YES;
				GCC_WARN_UNINITIALIZED_AUTOS = YES_AGGRESSIVE;
				GCC_WARN_UNUSED_FUNCTION = YES;
				GCC_WARN_UNUSED_VARIABLE = YES;
				IPHONEOS_DEPLOYMENT_TARGET = 12.2;
				MTL_ENABLE_DEBUG_INFO = INCLUDE_SOURCE;
				MTL_FAST_MATH = YES;
				ONLY_ACTIVE_ARCH = YES;
				SDKROOT = iphoneos;
				SWIFT_ACTIVE_COMPILATION_CONDITIONS = DEBUG;
				SWIFT_OPTIMIZATION_LEVEL = "-Onone";
			};
			name = Debug;
		};
		CFFDF66C2304867C00DE01D8 /* Release */ = {
			isa = XCBuildConfiguration;
			buildSettings = {
				ALWAYS_SEARCH_USER_PATHS = NO;
				CLANG_ANALYZER_NONNULL = YES;
				CLANG_ANALYZER_NUMBER_OBJECT_CONVERSION = YES_AGGRESSIVE;
				CLANG_CXX_LANGUAGE_STANDARD = "gnu++14";
				CLANG_CXX_LIBRARY = "libc++";
				CLANG_ENABLE_MODULES = YES;
				CLANG_ENABLE_OBJC_ARC = YES;
				CLANG_ENABLE_OBJC_WEAK = YES;
				CLANG_WARN_BLOCK_CAPTURE_AUTORELEASING = YES;
				CLANG_WARN_BOOL_CONVERSION = YES;
				CLANG_WARN_COMMA = YES;
				CLANG_WARN_CONSTANT_CONVERSION = YES;
				CLANG_WARN_DEPRECATED_OBJC_IMPLEMENTATIONS = YES;
				CLANG_WARN_DIRECT_OBJC_ISA_USAGE = YES_ERROR;
				CLANG_WARN_DOCUMENTATION_COMMENTS = YES;
				CLANG_WARN_EMPTY_BODY = YES;
				CLANG_WARN_ENUM_CONVERSION = YES;
				CLANG_WARN_INFINITE_RECURSION = YES;
				CLANG_WARN_INT_CONVERSION = YES;
				CLANG_WARN_NON_LITERAL_NULL_CONVERSION = YES;
				CLANG_WARN_OBJC_IMPLICIT_RETAIN_SELF = YES;
				CLANG_WARN_OBJC_LITERAL_CONVERSION = YES;
				CLANG_WARN_OBJC_ROOT_CLASS = YES_ERROR;
				CLANG_WARN_RANGE_LOOP_ANALYSIS = YES;
				CLANG_WARN_STRICT_PROTOTYPES = YES;
				CLANG_WARN_SUSPICIOUS_MOVE = YES;
				CLANG_WARN_UNGUARDED_AVAILABILITY = YES_AGGRESSIVE;
				CLANG_WARN_UNREACHABLE_CODE = YES;
				CLANG_WARN__DUPLICATE_METHOD_MATCH = YES;
				CODE_SIGN_IDENTITY = "iPhone Developer";
				COPY_PHASE_STRIP = NO;
				DEBUG_INFORMATION_FORMAT = "dwarf-with-dsym";
				ENABLE_NS_ASSERTIONS = NO;
				ENABLE_STRICT_OBJC_MSGSEND = YES;
				GCC_C_LANGUAGE_STANDARD = gnu11;
				GCC_NO_COMMON_BLOCKS = YES;
				GCC_WARN_64_TO_32_BIT_CONVERSION = YES;
				GCC_WARN_ABOUT_RETURN_TYPE = YES_ERROR;
				GCC_WARN_UNDECLARED_SELECTOR = YES;
				GCC_WARN_UNINITIALIZED_AUTOS = YES_AGGRESSIVE;
				GCC_WARN_UNUSED_FUNCTION = YES;
				GCC_WARN_UNUSED_VARIABLE = YES;
				IPHONEOS_DEPLOYMENT_TARGET = 12.2;
				MTL_ENABLE_DEBUG_INFO = NO;
				MTL_FAST_MATH = YES;
				SDKROOT = iphoneos;
				SWIFT_COMPILATION_MODE = wholemodule;
				SWIFT_OPTIMIZATION_LEVEL = "-O";
				VALIDATE_PRODUCT = YES;
			};
			name = Release;
		};
		CFFDF66E2304867C00DE01D8 /* Debug */ = {
			isa = XCBuildConfiguration;
			baseConfigurationReference = EBE7FFEB7FB88E46FB3A698E /* Pods-ArchitectureChallenge.debug.xcconfig */;
			buildSettings = {
				ASSETCATALOG_COMPILER_APPICON_NAME = AppIcon;
				CODE_SIGN_STYLE = Automatic;
				DEVELOPMENT_TEAM = 932KMPL8YS;
				INFOPLIST_FILE = ArchitectureChallenge/Info.plist;
				LD_RUNPATH_SEARCH_PATHS = (
					"$(inherited)",
					"@executable_path/Frameworks",
				);
				PRODUCT_BUNDLE_IDENTIFIER = Rovane.ArchitectureChallenge;
				PRODUCT_NAME = "$(TARGET_NAME)";
				SWIFT_VERSION = 5.0;
				TARGETED_DEVICE_FAMILY = "1,2";
			};
			name = Debug;
		};
		CFFDF66F2304867C00DE01D8 /* Release */ = {
			isa = XCBuildConfiguration;
			baseConfigurationReference = 62E58A2122674FD0D5EE2F30 /* Pods-ArchitectureChallenge.release.xcconfig */;
			buildSettings = {
				ASSETCATALOG_COMPILER_APPICON_NAME = AppIcon;
				CODE_SIGN_STYLE = Automatic;
				DEVELOPMENT_TEAM = 932KMPL8YS;
				INFOPLIST_FILE = ArchitectureChallenge/Info.plist;
				LD_RUNPATH_SEARCH_PATHS = (
					"$(inherited)",
					"@executable_path/Frameworks",
				);
				PRODUCT_BUNDLE_IDENTIFIER = Rovane.ArchitectureChallenge;
				PRODUCT_NAME = "$(TARGET_NAME)";
				SWIFT_VERSION = 5.0;
				TARGETED_DEVICE_FAMILY = "1,2";
			};
			name = Release;
		};
/* End XCBuildConfiguration section */

/* Begin XCConfigurationList section */
		CFFDF6562304867A00DE01D8 /* Build configuration list for PBXProject "ArchitectureChallenge" */ = {
			isa = XCConfigurationList;
			buildConfigurations = (
				CFFDF66B2304867C00DE01D8 /* Debug */,
				CFFDF66C2304867C00DE01D8 /* Release */,
			);
			defaultConfigurationIsVisible = 0;
			defaultConfigurationName = Release;
		};
		CFFDF66D2304867C00DE01D8 /* Build configuration list for PBXNativeTarget "ArchitectureChallenge" */ = {
			isa = XCConfigurationList;
			buildConfigurations = (
				CFFDF66E2304867C00DE01D8 /* Debug */,
				CFFDF66F2304867C00DE01D8 /* Release */,
			);
			defaultConfigurationIsVisible = 0;
			defaultConfigurationName = Release;
		};
/* End XCConfigurationList section */
	};
	rootObject = CFFDF6532304867A00DE01D8 /* Project object */;
}
